
Microsoft Visual Studio Solution File, Format Version 12.00
# Visual Studio Version 16
VisualStudioVersion = 16.0.30503.244
MinimumVisualStudioVersion = 10.0.40219.1
Project("{FAE04EC0-301F-11D3-BF4B-00C04F79EFBC}") = "HW8", "HW8\HW8.csproj", "{AF2FA591-A988-4212-BFD5-B75A1F069A59}"
EndProject
Global
	GlobalSection(SolutionConfigurationPlatforms) = preSolution
		Debug|Any CPU = Debug|Any CPU
		Release|Any CPU = Release|Any CPU
	EndGlobalSection
	GlobalSection(ProjectConfigurationPlatforms) = postSolution
		{AF2FA591-A988-4212-BFD5-B75A1F069A59}.Debug|Any CPU.ActiveCfg = Debug|Any CPU
		{AF2FA591-A988-4212-BFD5-B75A1F069A59}.Debug|Any CPU.Build.0 = Debug|Any CPU
		{AF2FA591-A988-4212-BFD5-B75A1F069A59}.Release|Any CPU.ActiveCfg = Release|Any CPU
		{AF2FA591-A988-4212-BFD5-B75A1F069A59}.Release|Any CPU.Build.0 = Release|Any CPU
	EndGlobalSection
	GlobalSection(SolutionProperties) = preSolution
		HideSolutionNode = FALSE
	EndGlobalSection
	GlobalSection(ExtensibilityGlobals) = postSolution
		SolutionGuid = {A921756D-B47D-4EEA-9212-9933D6BD1D00}
	EndGlobalSection
EndGlobal
